// !$*UTF8*$!
{
	archiveVersion = 1;
	classes = {
	};
	objectVersion = 56;
	objects = {

/* Begin PBXBuildFile section */
		FE48C2B22B622260005462AE /* latihan_testingApp.swift in Sources */ = {isa = PBXBuildFile; fileRef = FE48C2B12B622260005462AE /* latihan_testingApp.swift */; };
		FE48C2B42B622260005462AE /* ContentView.swift in Sources */ = {isa = PBXBuildFile; fileRef = FE48C2B32B622260005462AE /* ContentView.swift */; };
		FE48C2B62B622261005462AE /* Assets.xcassets in Resources */ = {isa = PBXBuildFile; fileRef = FE48C2B52B622261005462AE /* Assets.xcassets */; };
		FE48C2B92B622261005462AE /* Preview Assets.xcassets in Resources */ = {isa = PBXBuildFile; fileRef = FE48C2B82B622261005462AE /* Preview Assets.xcassets */; };
		FE48C2C32B622262005462AE /* latihan_testingTests.swift in Sources */ = {isa = PBXBuildFile; fileRef = FE48C2C22B622262005462AE /* latihan_testingTests.swift */; };
		FE48C2CD2B622262005462AE /* latihan_testingUITests.swift in Sources */ = {isa = PBXBuildFile; fileRef = FE48C2CC2B622262005462AE /* latihan_testingUITests.swift */; };
		FE48C2CF2B622262005462AE /* latihan_testingUITestsLaunchTests.swift in Sources */ = {isa = PBXBuildFile; fileRef = FE48C2CE2B622262005462AE /* latihan_testingUITestsLaunchTests.swift */; };
/* End PBXBuildFile section */

/* Begin PBXContainerItemProxy section */
		FE48C2BF2B622262005462AE /* PBXContainerItemProxy */ = {
			isa = PBXContainerItemProxy;
			containerPortal = FE48C2A62B622260005462AE /* Project object */;
			proxyType = 1;
			remoteGlobalIDString = FE48C2AD2B622260005462AE;
			remoteInfo = "latihan-testing";
		};
		FE48C2C92B622262005462AE /* PBXContainerItemProxy */ = {
			isa = PBXContainerItemProxy;
			containerPortal = FE48C2A62B622260005462AE /* Project object */;
			proxyType = 1;
			remoteGlobalIDString = FE48C2AD2B622260005462AE;
			remoteInfo = "latihan-testing";
		};
/* End PBXContainerItemProxy section */

/* Begin PBXFileReference section */
		FE48C2AE2B622260005462AE /* latihan-testing.app */ = {isa = PBXFileReference; explicitFileType = wrapper.application; includeInIndex = 0; path = "latihan-testing.app"; sourceTree = BUILT_PRODUCTS_DIR; };
		FE48C2B12B622260005462AE /* latihan_testingApp.swift */ = {isa = PBXFileReference; lastKnownFileType = sourcecode.swift; path = latihan_testingApp.swift; sourceTree = "<group>"; };
		FE48C2B32B622260005462AE /* ContentView.swift */ = {isa = PBXFileReference; lastKnownFileType = sourcecode.swift; path = ContentView.swift; sourceTree = "<group>"; };
		FE48C2B52B622261005462AE /* Assets.xcassets */ = {isa = PBXFileReference; lastKnownFileType = folder.assetcatalog; path = Assets.xcassets; sourceTree = "<group>"; };
		FE48C2B82B622261005462AE /* Preview Assets.xcassets */ = {isa = PBXFileReference; lastKnownFileType = folder.assetcatalog; path = "Preview Assets.xcassets"; sourceTree = "<group>"; };
		FE48C2BE2B622262005462AE /* latihan-testingTests.xctest */ = {isa = PBXFileReference; explicitFileType = wrapper.cfbundle; includeInIndex = 0; path = "latihan-testingTests.xctest"; sourceTree = BUILT_PRODUCTS_DIR; };
		FE48C2C22B622262005462AE /* latihan_testingTests.swift */ = {isa = PBXFileReference; lastKnownFileType = sourcecode.swift; path = latihan_testingTests.swift; sourceTree = "<group>"; };
		FE48C2C82B622262005462AE /* latihan-testingUITests.xctest */ = {isa = PBXFileReference; explicitFileType = wrapper.cfbundle; includeInIndex = 0; path = "latihan-testingUITests.xctest"; sourceTree = BUILT_PRODUCTS_DIR; };
		FE48C2CC2B622262005462AE /* latihan_testingUITests.swift */ = {isa = PBXFileReference; lastKnownFileType = sourcecode.swift; path = latihan_testingUITests.swift; sourceTree = "<group>"; };
		FE48C2CE2B622262005462AE /* latihan_testingUITestsLaunchTests.swift */ = {isa = PBXFileReference; lastKnownFileType = sourcecode.swift; path = latihan_testingUITestsLaunchTests.swift; sourceTree = "<group>"; };
/* End PBXFileReference section */

/* Begin PBXFrameworksBuildPhase section */
		FE48C2AB2B622260005462AE /* Frameworks */ = {
			isa = PBXFrameworksBuildPhase;
			buildActionMask = 2147483647;
			files = (
			);
			runOnlyForDeploymentPostprocessing = 0;
		};
		FE48C2BB2B622262005462AE /* Frameworks */ = {
			isa = PBXFrameworksBuildPhase;
			buildActionMask = 2147483647;
			files = (
			);
			runOnlyForDeploymentPostprocessing = 0;
		};
		FE48C2C52B622262005462AE /* Frameworks */ = {
			isa = PBXFrameworksBuildPhase;
			buildActionMask = 2147483647;
			files = (
			);
			runOnlyForDeploymentPostprocessing = 0;
		};
/* End PBXFrameworksBuildPhase section */

/* Begin PBXGroup section */
		FE48C2A52B622260005462AE = {
			isa = PBXGroup;
			children = (
				FE48C2B02B622260005462AE /* latihan-testing */,
				FE48C2C12B622262005462AE /* latihan-testingTests */,
				FE48C2CB2B622262005462AE /* latihan-testingUITests */,
				FE48C2AF2B622260005462AE /* Products */,
			);
			sourceTree = "<group>";
		};
		FE48C2AF2B622260005462AE /* Products */ = {
			isa = PBXGroup;
			children = (
				FE48C2AE2B622260005462AE /* latihan-testing.app */,
				FE48C2BE2B622262005462AE /* latihan-testingTests.xctest */,
				FE48C2C82B622262005462AE /* latihan-testingUITests.xctest */,
			);
			name = Products;
			sourceTree = "<group>";
		};
		FE48C2B02B622260005462AE /* latihan-testing */ = {
			isa = PBXGroup;
			children = (
				FE48C2B12B622260005462AE /* latihan_testingApp.swift */,
				FE48C2B32B622260005462AE /* ContentView.swift */,
				FE48C2B52B622261005462AE /* Assets.xcassets */,
				FE48C2B72B622261005462AE /* Preview Content */,
			);
			path = "latihan-testing";
			sourceTree = "<group>";
		};
		FE48C2B72B622261005462AE /* Preview Content */ = {
			isa = PBXGroup;
			children = (
				FE48C2B82B622261005462AE /* Preview Assets.xcassets */,
			);
			path = "Preview Content";
			sourceTree = "<group>";
		};
		FE48C2C12B622262005462AE /* latihan-testingTests */ = {
			isa = PBXGroup;
			children = (
				FE48C2C22B622262005462AE /* latihan_testingTests.swift */,
			);
			path = "latihan-testingTests";
			sourceTree = "<group>";
		};
		FE48C2CB2B622262005462AE /* latihan-testingUITests */ = {
			isa = PBXGroup;
			children = (
				FE48C2CC2B622262005462AE /* latihan_testingUITests.swift */,
				FE48C2CE2B622262005462AE /* latihan_testingUITestsLaunchTests.swift */,
			);
			path = "latihan-testingUITests";
			sourceTree = "<group>";
		};
/* End PBXGroup section */

/* Begin PBXNativeTarget section */
		FE48C2AD2B622260005462AE /* latihan-testing */ = {
			isa = PBXNativeTarget;
			buildConfigurationList = FE48C2D22B622262005462AE /* Build configuration list for PBXNativeTarget "latihan-testing" */;
			buildPhases = (
				FE48C2AA2B622260005462AE /* Sources */,
				FE48C2AB2B622260005462AE /* Frameworks */,
				FE48C2AC2B622260005462AE /* Resources */,
			);
			buildRules = (
			);
			dependencies = (
			);
			name = "latihan-testing";
			productName = "latihan-testing";
			productReference = FE48C2AE2B622260005462AE /* latihan-testing.app */;
			productType = "com.apple.product-type.application";
		};
		FE48C2BD2B622262005462AE /* latihan-testingTests */ = {
			isa = PBXNativeTarget;
			buildConfigurationList = FE48C2D52B622262005462AE /* Build configuration list for PBXNativeTarget "latihan-testingTests" */;
			buildPhases = (
				FE48C2BA2B622262005462AE /* Sources */,
				FE48C2BB2B622262005462AE /* Frameworks */,
				FE48C2BC2B622262005462AE /* Resources */,
			);
			buildRules = (
			);
			dependencies = (
				FE48C2C02B622262005462AE /* PBXTargetDependency */,
			);
			name = "latihan-testingTests";
			productName = "latihan-testingTests";
			productReference = FE48C2BE2B622262005462AE /* latihan-testingTests.xctest */;
			productType = "com.apple.product-type.bundle.unit-test";
		};
		FE48C2C72B622262005462AE /* latihan-testingUITests */ = {
			isa = PBXNativeTarget;
			buildConfigurationList = FE48C2D82B622262005462AE /* Build configuration list for PBXNativeTarget "latihan-testingUITests" */;
			buildPhases = (
				FE48C2C42B622262005462AE /* Sources */,
				FE48C2C52B622262005462AE /* Frameworks */,
				FE48C2C62B622262005462AE /* Resources */,
			);
			buildRules = (
			);
			dependencies = (
				FE48C2CA2B622262005462AE /* PBXTargetDependency */,
			);
			name = "latihan-testingUITests";
			productName = "latihan-testingUITests";
			productReference = FE48C2C82B622262005462AE /* latihan-testingUITests.xctest */;
			productType = "com.apple.product-type.bundle.ui-testing";
		};
/* End PBXNativeTarget section */

/* Begin PBXProject section */
		FE48C2A62B622260005462AE /* Project object */ = {
			isa = PBXProject;
			attributes = {
				BuildIndependentTargetsInParallel = 1;
				LastSwiftUpdateCheck = 1430;
				LastUpgradeCheck = 1430;
				TargetAttributes = {
					FE48C2AD2B622260005462AE = {
						CreatedOnToolsVersion = 14.3;
					};
					FE48C2BD2B622262005462AE = {
						CreatedOnToolsVersion = 14.3;
						TestTargetID = FE48C2AD2B622260005462AE;
					};
					FE48C2C72B622262005462AE = {
						CreatedOnToolsVersion = 14.3;
						TestTargetID = FE48C2AD2B622260005462AE;
					};
				};
			};
			buildConfigurationList = FE48C2A92B622260005462AE /* Build configuration list for PBXProject "latihan-testing" */;
			compatibilityVersion = "Xcode 14.0";
			developmentRegion = en;
			hasScannedForEncodings = 0;
			knownRegions = (
				en,
				Base,
			);
			mainGroup = FE48C2A52B622260005462AE;
			productRefGroup = FE48C2AF2B622260005462AE /* Products */;
			projectDirPath = "";
			projectRoot = "";
			targets = (
				FE48C2AD2B622260005462AE /* latihan-testing */,
				FE48C2BD2B622262005462AE /* latihan-testingTests */,
				FE48C2C72B622262005462AE /* latihan-testingUITests */,
			);
		};
/* End PBXProject section */

/* Begin PBXResourcesBuildPhase section */
		FE48C2AC2B622260005462AE /* Resources */ = {
			isa = PBXResourcesBuildPhase;
			buildActionMask = 2147483647;
			files = (
				FE48C2B92B622261005462AE /* Preview Assets.xcassets in Resources */,
				FE48C2B62B622261005462AE /* Assets.xcassets in Resources */,
			);
			runOnlyForDeploymentPostprocessing = 0;
		};
		FE48C2BC2B622262005462AE /* Resources */ = {
			isa = PBXResourcesBuildPhase;
			buildActionMask = 2147483647;
			files = (
			);
			runOnlyForDeploymentPostprocessing = 0;
		};
		FE48C2C62B622262005462AE /* Resources */ = {
			isa = PBXResourcesBuildPhase;
			buildActionMask = 2147483647;
			files = (
			);
			runOnlyForDeploymentPostprocessing = 0;
		};
/* End PBXResourcesBuildPhase section */

/* Begin PBXSourcesBuildPhase section */
		FE48C2AA2B622260005462AE /* Sources */ = {
			isa = PBXSourcesBuildPhase;
			buildActionMask = 2147483647;
			files = (
				FE48C2B42B622260005462AE /* ContentView.swift in Sources */,
				FE48C2B22B622260005462AE /* latihan_testingApp.swift in Sources */,
			);
			runOnlyForDeploymentPostprocessing = 0;
		};
		FE48C2BA2B622262005462AE /* Sources */ = {
			isa = PBXSourcesBuildPhase;
			buildActionMask = 2147483647;
			files = (
				FE48C2C32B622262005462AE /* latihan_testingTests.swift in Sources */,
			);
			runOnlyForDeploymentPostprocessing = 0;
		};
		FE48C2C42B622262005462AE /* Sources */ = {
			isa = PBXSourcesBuildPhase;
			buildActionMask = 2147483647;
			files = (
				FE48C2CD2B622262005462AE /* latihan_testingUITests.swift in Sources */,
				FE48C2CF2B622262005462AE /* latihan_testingUITestsLaunchTests.swift in Sources */,
			);
			runOnlyForDeploymentPostprocessing = 0;
		};
/* End PBXSourcesBuildPhase section */

/* Begin PBXTargetDependency section */
		FE48C2C02B622262005462AE /* PBXTargetDependency */ = {
			isa = PBXTargetDependency;
			target = FE48C2AD2B622260005462AE /* latihan-testing */;
			targetProxy = FE48C2BF2B622262005462AE /* PBXContainerItemProxy */;
		};
		FE48C2CA2B622262005462AE /* PBXTargetDependency */ = {
			isa = PBXTargetDependency;
			target = FE48C2AD2B622260005462AE /* latihan-testing */;
			targetProxy = FE48C2C92B622262005462AE /* PBXContainerItemProxy */;
		};
/* End PBXTargetDependency section */

/* Begin XCBuildConfiguration section */
		FE48C2D02B622262005462AE /* Debug */ = {
			isa = XCBuildConfiguration;
			buildSettings = {
				ALWAYS_SEARCH_USER_PATHS = NO;
				CLANG_ANALYZER_NONNULL = YES;
				CLANG_ANALYZER_NUMBER_OBJECT_CONVERSION = YES_AGGRESSIVE;
				CLANG_CXX_LANGUAGE_STANDARD = "gnu++20";
				CLANG_ENABLE_MODULES = YES;
				CLANG_ENABLE_OBJC_ARC = YES;
				CLANG_ENABLE_OBJC_WEAK = YES;
				CLANG_WARN_BLOCK_CAPTURE_AUTORELEASING = YES;
				CLANG_WARN_BOOL_CONVERSION = YES;
				CLANG_WARN_COMMA = YES;
				CLANG_WARN_CONSTANT_CONVERSION = YES;
				CLANG_WARN_DEPRECATED_OBJC_IMPLEMENTATIONS = YES;
				CLANG_WARN_DIRECT_OBJC_ISA_USAGE = YES_ERROR;
				CLANG_WARN_DOCUMENTATION_COMMENTS = YES;
				CLANG_WARN_EMPTY_BODY = YES;
				CLANG_WARN_ENUM_CONVERSION = YES;
				CLANG_WARN_INFINITE_RECURSION = YES;
				CLANG_WARN_INT_CONVERSION = YES;
				CLANG_WARN_NON_LITERAL_NULL_CONVERSION = YES;
				CLANG_WARN_OBJC_IMPLICIT_RETAIN_SELF = YES;
				CLANG_WARN_OBJC_LITERAL_CONVERSION = YES;
				CLANG_WARN_OBJC_ROOT_CLASS = YES_ERROR;
				CLANG_WARN_QUOTED_INCLUDE_IN_FRAMEWORK_HEADER = YES;
				CLANG_WARN_RANGE_LOOP_ANALYSIS = YES;
				CLANG_WARN_STRICT_PROTOTYPES = YES;
				CLANG_WARN_SUSPICIOUS_MOVE = YES;
				CLANG_WARN_UNGUARDED_AVAILABILITY = YES_AGGRESSIVE;
				CLANG_WARN_UNREACHABLE_CODE = YES;
				CLANG_WARN__DUPLICATE_METHOD_MATCH = YES;
				COPY_PHASE_STRIP = NO;
				DEBUG_INFORMATION_FORMAT = dwarf;
				ENABLE_STRICT_OBJC_MSGSEND = YES;
				ENABLE_TESTABILITY = YES;
				GCC_C_LANGUAGE_STANDARD = gnu11;
				GCC_DYNAMIC_NO_PIC = NO;
				GCC_NO_COMMON_BLOCKS = YES;
				GCC_OPTIMIZATION_LEVEL = 0;
				GCC_PREPROCESSOR_DEFINITIONS = (
					"DEBUG=1",
					"$(inherited)",
				);
				GCC_WARN_64_TO_32_BIT_CONVERSION = YES;
				GCC_WARN_ABOUT_RETURN_TYPE = YES_ERROR;
				GCC_WARN_UNDECLARED_SELECTOR = YES;
				GCC_WARN_UNINITIALIZED_AUTOS = YES_AGGRESSIVE;
				GCC_WARN_UNUSED_FUNCTION = YES;
				GCC_WARN_UNUSED_VARIABLE = YES;
				IPHONEOS_DEPLOYMENT_TARGET = 16.4;
				MTL_ENABLE_DEBUG_INFO = INCLUDE_SOURCE;
				MTL_FAST_MATH = YES;
				ONLY_ACTIVE_ARCH = YES;
				SDKROOT = iphoneos;
				SWIFT_ACTIVE_COMPILATION_CONDITIONS = DEBUG;
				SWIFT_OPTIMIZATION_LEVEL = "-Onone";
			};
			name = Debug;
		};
		FE48C2D12B622262005462AE /* Release */ = {
			isa = XCBuildConfiguration;
			buildSettings = {
				ALWAYS_SEARCH_USER_PATHS = NO;
				CLANG_ANALYZER_NONNULL = YES;
				CLANG_ANALYZER_NUMBER_OBJECT_CONVERSION = YES_AGGRESSIVE;
				CLANG_CXX_LANGUAGE_STANDARD = "gnu++20";
				CLANG_ENABLE_MODULES = YES;
				CLANG_ENABLE_OBJC_ARC = YES;
				CLANG_ENABLE_OBJC_WEAK = YES;
				CLANG_WARN_BLOCK_CAPTURE_AUTORELEASING = YES;
				CLANG_WARN_BOOL_CONVERSION = YES;
				CLANG_WARN_COMMA = YES;
				CLANG_WARN_CONSTANT_CONVERSION = YES;
				CLANG_WARN_DEPRECATED_OBJC_IMPLEMENTATIONS = YES;
				CLANG_WARN_DIRECT_OBJC_ISA_USAGE = YES_ERROR;
				CLANG_WARN_DOCUMENTATION_COMMENTS = YES;
				CLANG_WARN_EMPTY_BODY = YES;
				CLANG_WARN_ENUM_CONVERSION = YES;
				CLANG_WARN_INFINITE_RECURSION = YES;
				CLANG_WARN_INT_CONVERSION = YES;
				CLANG_WARN_NON_LITERAL_NULL_CONVERSION = YES;
				CLANG_WARN_OBJC_IMPLICIT_RETAIN_SELF = YES;
				CLANG_WARN_OBJC_LITERAL_CONVERSION = YES;
				CLANG_WARN_OBJC_ROOT_CLASS = YES_ERROR;
				CLANG_WARN_QUOTED_INCLUDE_IN_FRAMEWORK_HEADER = YES;
				CLANG_WARN_RANGE_LOOP_ANALYSIS = YES;
				CLANG_WARN_STRICT_PROTOTYPES = YES;
				CLANG_WARN_SUSPICIOUS_MOVE = YES;
				CLANG_WARN_UNGUARDED_AVAILABILITY = YES_AGGRESSIVE;
				CLANG_WARN_UNREACHABLE_CODE = YES;
				CLANG_WARN__DUPLICATE_METHOD_MATCH = YES;
				COPY_PHASE_STRIP = NO;
				DEBUG_INFORMATION_FORMAT = "dwarf-with-dsym";
				ENABLE_NS_ASSERTIONS = NO;
				ENABLE_STRICT_OBJC_MSGSEND = YES;
				GCC_C_LANGUAGE_STANDARD = gnu11;
				GCC_NO_COMMON_BLOCKS = YES;
				GCC_WARN_64_TO_32_BIT_CONVERSION = YES;
				GCC_WARN_ABOUT_RETURN_TYPE = YES_ERROR;
				GCC_WARN_UNDECLARED_SELECTOR = YES;
				GCC_WARN_UNINITIALIZED_AUTOS = YES_AGGRESSIVE;
				GCC_WARN_UNUSED_FUNCTION = YES;
				GCC_WARN_UNUSED_VARIABLE = YES;
				IPHONEOS_DEPLOYMENT_TARGET = 16.4;
				MTL_ENABLE_DEBUG_INFO = NO;
				MTL_FAST_MATH = YES;
				SDKROOT = iphoneos;
				SWIFT_COMPILATION_MODE = wholemodule;
				SWIFT_OPTIMIZATION_LEVEL = "-O";
				VALIDATE_PRODUCT = YES;
			};
			name = Release;
		};
		FE48C2D32B622262005462AE /* Debug */ = {
			isa = XCBuildConfiguration;
			buildSettings = {
				ASSETCATALOG_COMPILER_APPICON_NAME = AppIcon;
				ASSETCATALOG_COMPILER_GLOBAL_ACCENT_COLOR_NAME = AccentColor;
				CODE_SIGNING_ALLOWED = NO;
				CODE_SIGN_IDENTITY = "Apple Development";
				CODE_SIGN_STYLE = Automatic;
				CURRENT_PROJECT_VERSION = 1;
				DEVELOPMENT_ASSET_PATHS = "\"latihan-testing/Preview Content\"";
				DEVELOPMENT_TEAM = KM6L8N2UZF;
				ENABLE_PREVIEWS = YES;
				GENERATE_INFOPLIST_FILE = YES;
				INFOPLIST_KEY_CFBundleDisplayName = "latihan testing";
				INFOPLIST_KEY_LSApplicationCategoryType = "public.app-category.developer-tools";
				INFOPLIST_KEY_UIApplicationSceneManifest_Generation = YES;
				INFOPLIST_KEY_UIApplicationSupportsIndirectInputEvents = YES;
				INFOPLIST_KEY_UILaunchScreen_Generation = YES;
				INFOPLIST_KEY_UISupportedInterfaceOrientations_iPad = "UIInterfaceOrientationPortrait UIInterfaceOrientationPortraitUpsideDown UIInterfaceOrientationLandscapeLeft UIInterfaceOrientationLandscapeRight";
				INFOPLIST_KEY_UISupportedInterfaceOrientations_iPhone = "UIInterfaceOrientationPortrait UIInterfaceOrientationLandscapeLeft UIInterfaceOrientationLandscapeRight";
				LD_RUNPATH_SEARCH_PATHS = (
					"$(inherited)",
					"@executable_path/Frameworks",
				);
				MARKETING_VERSION = 1.0;
				PRODUCT_BUNDLE_IDENTIFIER = "com.magistraapta.latihan-testing";
				PRODUCT_NAME = "$(TARGET_NAME)";
				PROVISIONING_PROFILE_SPECIFIER = "";
				SWIFT_EMIT_LOC_STRINGS = YES;
				SWIFT_VERSION = 5.0;
				TARGETED_DEVICE_FAMILY = "1,2";
			};
			name = Debug;
		};
		FE48C2D42B622262005462AE /* Release */ = {
			isa = XCBuildConfiguration;
			buildSettings = {
				ASSETCATALOG_COMPILER_APPICON_NAME = AppIcon;
				ASSETCATALOG_COMPILER_GLOBAL_ACCENT_COLOR_NAME = AccentColor;
				CODE_SIGNING_ALLOWED = NO;
				CODE_SIGN_IDENTITY = "Apple Development";
				CODE_SIGN_STYLE = Automatic;
				CURRENT_PROJECT_VERSION = 1;
				DEVELOPMENT_ASSET_PATHS = "\"latihan-testing/Preview Content\"";
				DEVELOPMENT_TEAM = KM6L8N2UZF;
				ENABLE_PREVIEWS = YES;
				GENERATE_INFOPLIST_FILE = YES;
				INFOPLIST_KEY_CFBundleDisplayName = "latihan testing";
				INFOPLIST_KEY_LSApplicationCategoryType = "public.app-category.developer-tools";
				INFOPLIST_KEY_UIApplicationSceneManifest_Generation = YES;
				INFOPLIST_KEY_UIApplicationSupportsIndirectInputEvents = YES;
				INFOPLIST_KEY_UILaunchScreen_Generation = YES;
				INFOPLIST_KEY_UISupportedInterfaceOrientations_iPad = "UIInterfaceOrientationPortrait UIInterfaceOrientationPortraitUpsideDown UIInterfaceOrientationLandscapeLeft UIInterfaceOrientationLandscapeRight";
				INFOPLIST_KEY_UISupportedInterfaceOrientations_iPhone = "UIInterfaceOrientationPortrait UIInterfaceOrientationLandscapeLeft UIInterfaceOrientationLandscapeRight";
				LD_RUNPATH_SEARCH_PATHS = (
					"$(inherited)",
					"@executable_path/Frameworks",
				);
				MARKETING_VERSION = 1.0;
				PRODUCT_BUNDLE_IDENTIFIER = "com.magistraapta.latihan-testing";
				PRODUCT_NAME = "$(TARGET_NAME)";
				PROVISIONING_PROFILE_SPECIFIER = "";
				SWIFT_EMIT_LOC_STRINGS = YES;
				SWIFT_VERSION = 5.0;
				TARGETED_DEVICE_FAMILY = "1,2";
			};
			name = Release;
		};
		FE48C2D62B622262005462AE /* Debug */ = {
			isa = XCBuildConfiguration;
			buildSettings = {
				ALWAYS_EMBED_SWIFT_STANDARD_LIBRARIES = YES;
				BUNDLE_LOADER = "$(TEST_HOST)";
				CODE_SIGN_STYLE = Automatic;
				CURRENT_PROJECT_VERSION = 1;
				DEVELOPMENT_TEAM = KM6L8N2UZF;
				GENERATE_INFOPLIST_FILE = YES;
				IPHONEOS_DEPLOYMENT_TARGET = 16.4;
				MARKETING_VERSION = 1.0;
				PRODUCT_BUNDLE_IDENTIFIER = "com.magistraapta.latihan-testingTests";
				PRODUCT_NAME = "$(TARGET_NAME)";
				SWIFT_EMIT_LOC_STRINGS = NO;
				SWIFT_VERSION = 5.0;
				TARGETED_DEVICE_FAMILY = "1,2";
				TEST_HOST = "$(BUILT_PRODUCTS_DIR)/latihan-testing.app/$(BUNDLE_EXECUTABLE_FOLDER_PATH)/latihan-testing";
			};
			name = Debug;
		};
		FE48C2D72B622262005462AE /* Release */ = {
			isa = XCBuildConfiguration;
			buildSettings = {
				ALWAYS_EMBED_SWIFT_STANDARD_LIBRARIES = YES;
				BUNDLE_LOADER = "$(TEST_HOST)";
				CODE_SIGN_STYLE = Automatic;
				CURRENT_PROJECT_VERSION = 1;
				DEVELOPMENT_TEAM = KM6L8N2UZF;
				GENERATE_INFOPLIST_FILE = YES;
				IPHONEOS_DEPLOYMENT_TARGET = 16.4;
				MARKETING_VERSION = 1.0;
				PRODUCT_BUNDLE_IDENTIFIER = "com.magistraapta.latihan-testingTests";
				PRODUCT_NAME = "$(TARGET_NAME)";
				SWIFT_EMIT_LOC_STRINGS = NO;
				SWIFT_VERSION = 5.0;
				TARGETED_DEVICE_FAMILY = "1,2";
				TEST_HOST = "$(BUILT_PRODUCTS_DIR)/latihan-testing.app/$(BUNDLE_EXECUTABLE_FOLDER_PATH)/latihan-testing";
			};
			name = Release;
		};
		FE48C2D92B622262005462AE /* Debug */ = {
			isa = XCBuildConfiguration;
			buildSettings = {
				ALWAYS_EMBED_SWIFT_STANDARD_LIBRARIES = YES;
				CODE_SIGN_STYLE = Automatic;
				CURRENT_PROJECT_VERSION = 1;
				DEVELOPMENT_TEAM = KM6L8N2UZF;
				GENERATE_INFOPLIST_FILE = YES;
				MARKETING_VERSION = 1.0;
				PRODUCT_BUNDLE_IDENTIFIER = "com.magistraapta.latihan-testingUITests";
				PRODUCT_NAME = "$(TARGET_NAME)";
				SWIFT_EMIT_LOC_STRINGS = NO;
				SWIFT_VERSION = 5.0;
				TARGETED_DEVICE_FAMILY = "1,2";
				TEST_TARGET_NAME = "latihan-testing";
			};
			name = Debug;
		};
		FE48C2DA2B622262005462AE /* Release */ = {
			isa = XCBuildConfiguration;
			buildSettings = {
				ALWAYS_EMBED_SWIFT_STANDARD_LIBRARIES = YES;
				CODE_SIGN_STYLE = Automatic;
				CURRENT_PROJECT_VERSION = 1;
				DEVELOPMENT_TEAM = KM6L8N2UZF;
				GENERATE_INFOPLIST_FILE = YES;
				MARKETING_VERSION = 1.0;
				PRODUCT_BUNDLE_IDENTIFIER = "com.magistraapta.latihan-testingUITests";
				PRODUCT_NAME = "$(TARGET_NAME)";
				SWIFT_EMIT_LOC_STRINGS = NO;
				SWIFT_VERSION = 5.0;
				TARGETED_DEVICE_FAMILY = "1,2";
				TEST_TARGET_NAME = "latihan-testing";
			};
			name = Release;
		};
/* End XCBuildConfiguration section */

/* Begin XCConfigurationList section */
		FE48C2A92B622260005462AE /* Build configuration list for PBXProject "latihan-testing" */ = {
			isa = XCConfigurationList;
			buildConfigurations = (
				FE48C2D02B622262005462AE /* Debug */,
				FE48C2D12B622262005462AE /* Release */,
			);
			defaultConfigurationIsVisible = 0;
			defaultConfigurationName = Release;
		};
		FE48C2D22B622262005462AE /* Build configuration list for PBXNativeTarget "latihan-testing" */ = {
			isa = XCConfigurationList;
			buildConfigurations = (
				FE48C2D32B622262005462AE /* Debug */,
				FE48C2D42B622262005462AE /* Release */,
			);
			defaultConfigurationIsVisible = 0;
			defaultConfigurationName = Release;
		};
		FE48C2D52B622262005462AE /* Build configuration list for PBXNativeTarget "latihan-testingTests" */ = {
			isa = XCConfigurationList;
			buildConfigurations = (
				FE48C2D62B622262005462AE /* Debug */,
				FE48C2D72B622262005462AE /* Release */,
			);
			defaultConfigurationIsVisible = 0;
			defaultConfigurationName = Release;
		};
		FE48C2D82B622262005462AE /* Build configuration list for PBXNativeTarget "latihan-testingUITests" */ = {
			isa = XCConfigurationList;
			buildConfigurations = (
				FE48C2D92B622262005462AE /* Debug */,
				FE48C2DA2B622262005462AE /* Release */,
			);
			defaultConfigurationIsVisible = 0;
			defaultConfigurationName = Release;
		};
/* End XCConfigurationList section */
	};
	rootObject = FE48C2A62B622260005462AE /* Project object */;
}
